// !$*UTF8*$!
{
	archiveVersion = 1;
	classes = {
	};
	objectVersion = 56;
	objects = {

/* Begin PBXBuildFile section */
		343E6B292945FE5500F68710 /* AppDelegate.swift in Sources */ = {isa = PBXBuildFile; fileRef = 343E6B282945FE5500F68710 /* AppDelegate.swift */; };
		343E6B2B2945FE5500F68710 /* SceneDelegate.swift in Sources */ = {isa = PBXBuildFile; fileRef = 343E6B2A2945FE5500F68710 /* SceneDelegate.swift */; };
		343E6B2D2945FE5500F68710 /* ViewController.swift in Sources */ = {isa = PBXBuildFile; fileRef = 343E6B2C2945FE5500F68710 /* ViewController.swift */; };
		343E6B302945FE5500F68710 /* Main.storyboard in Resources */ = {isa = PBXBuildFile; fileRef = 343E6B2E2945FE5500F68710 /* Main.storyboard */; };
		343E6B322945FE5600F68710 /* Assets.xcassets in Resources */ = {isa = PBXBuildFile; fileRef = 343E6B312945FE5600F68710 /* Assets.xcassets */; };
		343E6B352945FE5600F68710 /* LaunchScreen.storyboard in Resources */ = {isa = PBXBuildFile; fileRef = 343E6B332945FE5600F68710 /* LaunchScreen.storyboard */; };
		343E6B402945FE5600F68710 /* newTextFieldTests.swift in Sources */ = {isa = PBXBuildFile; fileRef = 343E6B3F2945FE5600F68710 /* newTextFieldTests.swift */; };
		343E6B4A2945FE5600F68710 /* newTextFieldUITests.swift in Sources */ = {isa = PBXBuildFile; fileRef = 343E6B492945FE5600F68710 /* newTextFieldUITests.swift */; };
		343E6B4C2945FE5600F68710 /* newTextFieldUITestsLaunchTests.swift in Sources */ = {isa = PBXBuildFile; fileRef = 343E6B4B2945FE5600F68710 /* newTextFieldUITestsLaunchTests.swift */; };
/* End PBXBuildFile section */

/* Begin PBXContainerItemProxy section */
		343E6B3C2945FE5600F68710 /* PBXContainerItemProxy */ = {
			isa = PBXContainerItemProxy;
			containerPortal = 343E6B1D2945FE5500F68710 /* Project object */;
			proxyType = 1;
			remoteGlobalIDString = 343E6B242945FE5500F68710;
			remoteInfo = newTextField;
		};
		343E6B462945FE5600F68710 /* PBXContainerItemProxy */ = {
			isa = PBXContainerItemProxy;
			containerPortal = 343E6B1D2945FE5500F68710 /* Project object */;
			proxyType = 1;
			remoteGlobalIDString = 343E6B242945FE5500F68710;
			remoteInfo = newTextField;
		};
/* End PBXContainerItemProxy section */

/* Begin PBXFileReference section */
		343E6B252945FE5500F68710 /* newTextField.app */ = {isa = PBXFileReference; explicitFileType = wrapper.application; includeInIndex = 0; path = newTextField.app; sourceTree = BUILT_PRODUCTS_DIR; };
		343E6B282945FE5500F68710 /* AppDelegate.swift */ = {isa = PBXFileReference; lastKnownFileType = sourcecode.swift; path = AppDelegate.swift; sourceTree = "<group>"; };
		343E6B2A2945FE5500F68710 /* SceneDelegate.swift */ = {isa = PBXFileReference; lastKnownFileType = sourcecode.swift; path = SceneDelegate.swift; sourceTree = "<group>"; };
		343E6B2C2945FE5500F68710 /* ViewController.swift */ = {isa = PBXFileReference; lastKnownFileType = sourcecode.swift; path = ViewController.swift; sourceTree = "<group>"; };
		343E6B2F2945FE5500F68710 /* Base */ = {isa = PBXFileReference; lastKnownFileType = file.storyboard; name = Base; path = Base.lproj/Main.storyboard; sourceTree = "<group>"; };
		343E6B312945FE5600F68710 /* Assets.xcassets */ = {isa = PBXFileReference; lastKnownFileType = folder.assetcatalog; path = Assets.xcassets; sourceTree = "<group>"; };
		343E6B342945FE5600F68710 /* Base */ = {isa = PBXFileReference; lastKnownFileType = file.storyboard; name = Base; path = Base.lproj/LaunchScreen.storyboard; sourceTree = "<group>"; };
		343E6B362945FE5600F68710 /* Info.plist */ = {isa = PBXFileReference; lastKnownFileType = text.plist.xml; path = Info.plist; sourceTree = "<group>"; };
		343E6B3B2945FE5600F68710 /* newTextFieldTests.xctest */ = {isa = PBXFileReference; explicitFileType = wrapper.cfbundle; includeInIndex = 0; path = newTextFieldTests.xctest; sourceTree = BUILT_PRODUCTS_DIR; };
		343E6B3F2945FE5600F68710 /* newTextFieldTests.swift */ = {isa = PBXFileReference; lastKnownFileType = sourcecode.swift; path = newTextFieldTests.swift; sourceTree = "<group>"; };
		343E6B452945FE5600F68710 /* newTextFieldUITests.xctest */ = {isa = PBXFileReference; explicitFileType = wrapper.cfbundle; includeInIndex = 0; path = newTextFieldUITests.xctest; sourceTree = BUILT_PRODUCTS_DIR; };
		343E6B492945FE5600F68710 /* newTextFieldUITests.swift */ = {isa = PBXFileReference; lastKnownFileType = sourcecode.swift; path = newTextFieldUITests.swift; sourceTree = "<group>"; };
		343E6B4B2945FE5600F68710 /* newTextFieldUITestsLaunchTests.swift */ = {isa = PBXFileReference; lastKnownFileType = sourcecode.swift; path = newTextFieldUITestsLaunchTests.swift; sourceTree = "<group>"; };
/* End PBXFileReference section */

/* Begin PBXFrameworksBuildPhase section */
		343E6B222945FE5500F68710 /* Frameworks */ = {
			isa = PBXFrameworksBuildPhase;
			buildActionMask = 2147483647;
			files = (
			);
			runOnlyForDeploymentPostprocessing = 0;
		};
		343E6B382945FE5600F68710 /* Frameworks */ = {
			isa = PBXFrameworksBuildPhase;
			buildActionMask = 2147483647;
			files = (
			);
			runOnlyForDeploymentPostprocessing = 0;
		};
		343E6B422945FE5600F68710 /* Frameworks */ = {
			isa = PBXFrameworksBuildPhase;
			buildActionMask = 2147483647;
			files = (
			);
			runOnlyForDeploymentPostprocessing = 0;
		};
/* End PBXFrameworksBuildPhase section */

/* Begin PBXGroup section */
		343E6B1C2945FE5500F68710 = {
			isa = PBXGroup;
			children = (
				343E6B272945FE5500F68710 /* newTextField */,
				343E6B3E2945FE5600F68710 /* newTextFieldTests */,
				343E6B482945FE5600F68710 /* newTextFieldUITests */,
				343E6B262945FE5500F68710 /* Products */,
			);
			sourceTree = "<group>";
		};
		343E6B262945FE5500F68710 /* Products */ = {
			isa = PBXGroup;
			children = (
				343E6B252945FE5500F68710 /* newTextField.app */,
				343E6B3B2945FE5600F68710 /* newTextFieldTests.xctest */,
				343E6B452945FE5600F68710 /* newTextFieldUITests.xctest */,
			);
			name = Products;
			sourceTree = "<group>";
		};
		343E6B272945FE5500F68710 /* newTextField */ = {
			isa = PBXGroup;
			children = (
				343E6B5A2945FE8B00F68710 /* Views */,
				343E6B592945FE8200F68710 /* Controller */,
				343E6B582945FE6600F68710 /* Supporting Files */,
			);
			path = newTextField;
			sourceTree = "<group>";
		};
		343E6B3E2945FE5600F68710 /* newTextFieldTests */ = {
			isa = PBXGroup;
			children = (
				343E6B3F2945FE5600F68710 /* newTextFieldTests.swift */,
			);
			path = newTextFieldTests;
			sourceTree = "<group>";
		};
		343E6B482945FE5600F68710 /* newTextFieldUITests */ = {
			isa = PBXGroup;
			children = (
				343E6B492945FE5600F68710 /* newTextFieldUITests.swift */,
				343E6B4B2945FE5600F68710 /* newTextFieldUITestsLaunchTests.swift */,
			);
			path = newTextFieldUITests;
			sourceTree = "<group>";
		};
		343E6B582945FE6600F68710 /* Supporting Files */ = {
			isa = PBXGroup;
			children = (
				343E6B332945FE5600F68710 /* LaunchScreen.storyboard */,
				343E6B362945FE5600F68710 /* Info.plist */,
				343E6B312945FE5600F68710 /* Assets.xcassets */,
				343E6B282945FE5500F68710 /* AppDelegate.swift */,
				343E6B2A2945FE5500F68710 /* SceneDelegate.swift */,
			);
			name = "Supporting Files";
			sourceTree = "<group>";
		};
		343E6B592945FE8200F68710 /* Controller */ = {
			isa = PBXGroup;
			children = (
				343E6B2C2945FE5500F68710 /* ViewController.swift */,
			);
			path = Controller;
			sourceTree = "<group>";
		};
		343E6B5A2945FE8B00F68710 /* Views */ = {
			isa = PBXGroup;
			children = (
				343E6B2E2945FE5500F68710 /* Main.storyboard */,
			);
			name = Views;
			sourceTree = "<group>";
		};
/* End PBXGroup section */

/* Begin PBXNativeTarget section */
		343E6B242945FE5500F68710 /* newTextField */ = {
			isa = PBXNativeTarget;
			buildConfigurationList = 343E6B4F2945FE5600F68710 /* Build configuration list for PBXNativeTarget "newTextField" */;
			buildPhases = (
				343E6B212945FE5500F68710 /* Sources */,
				343E6B222945FE5500F68710 /* Frameworks */,
				343E6B232945FE5500F68710 /* Resources */,
			);
			buildRules = (
			);
			dependencies = (
			);
			name = newTextField;
			productName = newTextField;
			productReference = 343E6B252945FE5500F68710 /* newTextField.app */;
			productType = "com.apple.product-type.application";
		};
		343E6B3A2945FE5600F68710 /* newTextFieldTests */ = {
			isa = PBXNativeTarget;
			buildConfigurationList = 343E6B522945FE5600F68710 /* Build configuration list for PBXNativeTarget "newTextFieldTests" */;
			buildPhases = (
				343E6B372945FE5600F68710 /* Sources */,
				343E6B382945FE5600F68710 /* Frameworks */,
				343E6B392945FE5600F68710 /* Resources */,
			);
			buildRules = (
			);
			dependencies = (
				343E6B3D2945FE5600F68710 /* PBXTargetDependency */,
			);
			name = newTextFieldTests;
			productName = newTextFieldTests;
			productReference = 343E6B3B2945FE5600F68710 /* newTextFieldTests.xctest */;
			productType = "com.apple.product-type.bundle.unit-test";
		};
		343E6B442945FE5600F68710 /* newTextFieldUITests */ = {
			isa = PBXNativeTarget;
			buildConfigurationList = 343E6B552945FE5600F68710 /* Build configuration list for PBXNativeTarget "newTextFieldUITests" */;
			buildPhases = (
				343E6B412945FE5600F68710 /* Sources */,
				343E6B422945FE5600F68710 /* Frameworks */,
				343E6B432945FE5600F68710 /* Resources */,
			);
			buildRules = (
			);
			dependencies = (
				343E6B472945FE5600F68710 /* PBXTargetDependency */,
			);
			name = newTextFieldUITests;
			productName = newTextFieldUITests;
			productReference = 343E6B452945FE5600F68710 /* newTextFieldUITests.xctest */;
			productType = "com.apple.product-type.bundle.ui-testing";
		};
/* End PBXNativeTarget section */

/* Begin PBXProject section */
		343E6B1D2945FE5500F68710 /* Project object */ = {
			isa = PBXProject;
			attributes = {
				BuildIndependentTargetsInParallel = 1;
				LastSwiftUpdateCheck = 1410;
				LastUpgradeCheck = 1410;
				TargetAttributes = {
					343E6B242945FE5500F68710 = {
						CreatedOnToolsVersion = 14.1;
					};
					343E6B3A2945FE5600F68710 = {
						CreatedOnToolsVersion = 14.1;
						TestTargetID = 343E6B242945FE5500F68710;
					};
					343E6B442945FE5600F68710 = {
						CreatedOnToolsVersion = 14.1;
						TestTargetID = 343E6B242945FE5500F68710;
					};
				};
			};
			buildConfigurationList = 343E6B202945FE5500F68710 /* Build configuration list for PBXProject "newTextField" */;
			compatibilityVersion = "Xcode 14.0";
			developmentRegion = en;
			hasScannedForEncodings = 0;
			knownRegions = (
				en,
				Base,
			);
			mainGroup = 343E6B1C2945FE5500F68710;
			productRefGroup = 343E6B262945FE5500F68710 /* Products */;
			projectDirPath = "";
			projectRoot = "";
			targets = (
				343E6B242945FE5500F68710 /* newTextField */,
				343E6B3A2945FE5600F68710 /* newTextFieldTests */,
				343E6B442945FE5600F68710 /* newTextFieldUITests */,
			);
		};
/* End PBXProject section */

/* Begin PBXResourcesBuildPhase section */
		343E6B232945FE5500F68710 /* Resources */ = {
			isa = PBXResourcesBuildPhase;
			buildActionMask = 2147483647;
			files = (
				343E6B352945FE5600F68710 /* LaunchScreen.storyboard in Resources */,
				343E6B322945FE5600F68710 /* Assets.xcassets in Resources */,
				343E6B302945FE5500F68710 /* Main.storyboard in Resources */,
			);
			runOnlyForDeploymentPostprocessing = 0;
		};
		343E6B392945FE5600F68710 /* Resources */ = {
			isa = PBXResourcesBuildPhase;
			buildActionMask = 2147483647;
			files = (
			);
			runOnlyForDeploymentPostprocessing = 0;
		};
		343E6B432945FE5600F68710 /* Resources */ = {
			isa = PBXResourcesBuildPhase;
			buildActionMask = 2147483647;
			files = (
			);
			runOnlyForDeploymentPostprocessing = 0;
		};
/* End PBXResourcesBuildPhase section */

/* Begin PBXSourcesBuildPhase section */
		343E6B212945FE5500F68710 /* Sources */ = {
			isa = PBXSourcesBuildPhase;
			buildActionMask = 2147483647;
			files = (
				343E6B2D2945FE5500F68710 /* ViewController.swift in Sources */,
				343E6B292945FE5500F68710 /* AppDelegate.swift in Sources */,
				343E6B2B2945FE5500F68710 /* SceneDelegate.swift in Sources */,
			);
			runOnlyForDeploymentPostprocessing = 0;
		};
		343E6B372945FE5600F68710 /* Sources */ = {
			isa = PBXSourcesBuildPhase;
			buildActionMask = 2147483647;
			files = (
				343E6B402945FE5600F68710 /* newTextFieldTests.swift in Sources */,
			);
			runOnlyForDeploymentPostprocessing = 0;
		};
		343E6B412945FE5600F68710 /* Sources */ = {
			isa = PBXSourcesBuildPhase;
			buildActionMask = 2147483647;
			files = (
				343E6B4A2945FE5600F68710 /* newTextFieldUITests.swift in Sources */,
				343E6B4C2945FE5600F68710 /* newTextFieldUITestsLaunchTests.swift in Sources */,
			);
			runOnlyForDeploymentPostprocessing = 0;
		};
/* End PBXSourcesBuildPhase section */

/* Begin PBXTargetDependency section */
		343E6B3D2945FE5600F68710 /* PBXTargetDependency */ = {
			isa = PBXTargetDependency;
			target = 343E6B242945FE5500F68710 /* newTextField */;
			targetProxy = 343E6B3C2945FE5600F68710 /* PBXContainerItemProxy */;
		};
		343E6B472945FE5600F68710 /* PBXTargetDependency */ = {
			isa = PBXTargetDependency;
			target = 343E6B242945FE5500F68710 /* newTextField */;
			targetProxy = 343E6B462945FE5600F68710 /* PBXContainerItemProxy */;
		};
/* End PBXTargetDependency section */

/* Begin PBXVariantGroup section */
		343E6B2E2945FE5500F68710 /* Main.storyboard */ = {
			isa = PBXVariantGroup;
			children = (
				343E6B2F2945FE5500F68710 /* Base */,
			);
			name = Main.storyboard;
			sourceTree = "<group>";
		};
		343E6B332945FE5600F68710 /* LaunchScreen.storyboard */ = {
			isa = PBXVariantGroup;
			children = (
				343E6B342945FE5600F68710 /* Base */,
			);
			name = LaunchScreen.storyboard;
			sourceTree = "<group>";
		};
/* End PBXVariantGroup section */

/* Begin XCBuildConfiguration section */
		343E6B4D2945FE5600F68710 /* Debug */ = {
			isa = XCBuildConfiguration;
			buildSettings = {
				ALWAYS_SEARCH_USER_PATHS = NO;
				CLANG_ANALYZER_NONNULL = YES;
				CLANG_ANALYZER_NUMBER_OBJECT_CONVERSION = YES_AGGRESSIVE;
				CLANG_CXX_LANGUAGE_STANDARD = "gnu++20";
				CLANG_ENABLE_MODULES = YES;
				CLANG_ENABLE_OBJC_ARC = YES;
				CLANG_ENABLE_OBJC_WEAK = YES;
				CLANG_WARN_BLOCK_CAPTURE_AUTORELEASING = YES;
				CLANG_WARN_BOOL_CONVERSION = YES;
				CLANG_WARN_COMMA = YES;
				CLANG_WARN_CONSTANT_CONVERSION = YES;
				CLANG_WARN_DEPRECATED_OBJC_IMPLEMENTATIONS = YES;
				CLANG_WARN_DIRECT_OBJC_ISA_USAGE = YES_ERROR;
				CLANG_WARN_DOCUMENTATION_COMMENTS = YES;
				CLANG_WARN_EMPTY_BODY = YES;
				CLANG_WARN_ENUM_CONVERSION = YES;
				CLANG_WARN_INFINITE_RECURSION = YES;
				CLANG_WARN_INT_CONVERSION = YES;
				CLANG_WARN_NON_LITERAL_NULL_CONVERSION = YES;
				CLANG_WARN_OBJC_IMPLICIT_RETAIN_SELF = YES;
				CLANG_WARN_OBJC_LITERAL_CONVERSION = YES;
				CLANG_WARN_OBJC_ROOT_CLASS = YES_ERROR;
				CLANG_WARN_QUOTED_INCLUDE_IN_FRAMEWORK_HEADER = YES;
				CLANG_WARN_RANGE_LOOP_ANALYSIS = YES;
				CLANG_WARN_STRICT_PROTOTYPES = YES;
				CLANG_WARN_SUSPICIOUS_MOVE = YES;
				CLANG_WARN_UNGUARDED_AVAILABILITY = YES_AGGRESSIVE;
				CLANG_WARN_UNREACHABLE_CODE = YES;
				CLANG_WARN__DUPLICATE_METHOD_MATCH = YES;
				COPY_PHASE_STRIP = NO;
				DEBUG_INFORMATION_FORMAT = dwarf;
				ENABLE_STRICT_OBJC_MSGSEND = YES;
				ENABLE_TESTABILITY = YES;
				GCC_C_LANGUAGE_STANDARD = gnu11;
				GCC_DYNAMIC_NO_PIC = NO;
				GCC_NO_COMMON_BLOCKS = YES;
				GCC_OPTIMIZATION_LEVEL = 0;
				GCC_PREPROCESSOR_DEFINITIONS = (
					"DEBUG=1",
					"$(inherited)",
				);
				GCC_WARN_64_TO_32_BIT_CONVERSION = YES;
				GCC_WARN_ABOUT_RETURN_TYPE = YES_ERROR;
				GCC_WARN_UNDECLARED_SELECTOR = YES;
				GCC_WARN_UNINITIALIZED_AUTOS = YES_AGGRESSIVE;
				GCC_WARN_UNUSED_FUNCTION = YES;
				GCC_WARN_UNUSED_VARIABLE = YES;
				IPHONEOS_DEPLOYMENT_TARGET = 16.1;
				MTL_ENABLE_DEBUG_INFO = INCLUDE_SOURCE;
				MTL_FAST_MATH = YES;
				ONLY_ACTIVE_ARCH = YES;
				SDKROOT = iphoneos;
				SWIFT_ACTIVE_COMPILATION_CONDITIONS = DEBUG;
				SWIFT_OPTIMIZATION_LEVEL = "-Onone";
			};
			name = Debug;
		};
		343E6B4E2945FE5600F68710 /* Release */ = {
			isa = XCBuildConfiguration;
			buildSettings = {
				ALWAYS_SEARCH_USER_PATHS = NO;
				CLANG_ANALYZER_NONNULL = YES;
				CLANG_ANALYZER_NUMBER_OBJECT_CONVERSION = YES_AGGRESSIVE;
				CLANG_CXX_LANGUAGE_STANDARD = "gnu++20";
				CLANG_ENABLE_MODULES = YES;
				CLANG_ENABLE_OBJC_ARC = YES;
				CLANG_ENABLE_OBJC_WEAK = YES;
				CLANG_WARN_BLOCK_CAPTURE_AUTORELEASING = YES;
				CLANG_WARN_BOOL_CONVERSION = YES;
				CLANG_WARN_COMMA = YES;
				CLANG_WARN_CONSTANT_CONVERSION = YES;
				CLANG_WARN_DEPRECATED_OBJC_IMPLEMENTATIONS = YES;
				CLANG_WARN_DIRECT_OBJC_ISA_USAGE = YES_ERROR;
				CLANG_WARN_DOCUMENTATION_COMMENTS = YES;
				CLANG_WARN_EMPTY_BODY = YES;
				CLANG_WARN_ENUM_CONVERSION = YES;
				CLANG_WARN_INFINITE_RECURSION = YES;
				CLANG_WARN_INT_CONVERSION = YES;
				CLANG_WARN_NON_LITERAL_NULL_CONVERSION = YES;
				CLANG_WARN_OBJC_IMPLICIT_RETAIN_SELF = YES;
				CLANG_WARN_OBJC_LITERAL_CONVERSION = YES;
				CLANG_WARN_OBJC_ROOT_CLASS = YES_ERROR;
				CLANG_WARN_QUOTED_INCLUDE_IN_FRAMEWORK_HEADER = YES;
				CLANG_WARN_RANGE_LOOP_ANALYSIS = YES;
				CLANG_WARN_STRICT_PROTOTYPES = YES;
				CLANG_WARN_SUSPICIOUS_MOVE = YES;
				CLANG_WARN_UNGUARDED_AVAILABILITY = YES_AGGRESSIVE;
				CLANG_WARN_UNREACHABLE_CODE = YES;
				CLANG_WARN__DUPLICATE_METHOD_MATCH = YES;
				COPY_PHASE_STRIP = NO;
				DEBUG_INFORMATION_FORMAT = "dwarf-with-dsym";
				ENABLE_NS_ASSERTIONS = NO;
				ENABLE_STRICT_OBJC_MSGSEND = YES;
				GCC_C_LANGUAGE_STANDARD = gnu11;
				GCC_NO_COMMON_BLOCKS = YES;
				GCC_WARN_64_TO_32_BIT_CONVERSION = YES;
				GCC_WARN_ABOUT_RETURN_TYPE = YES_ERROR;
				GCC_WARN_UNDECLARED_SELECTOR = YES;
				GCC_WARN_UNINITIALIZED_AUTOS = YES_AGGRESSIVE;
				GCC_WARN_UNUSED_FUNCTION = YES;
				GCC_WARN_UNUSED_VARIABLE = YES;
				IPHONEOS_DEPLOYMENT_TARGET = 16.1;
				MTL_ENABLE_DEBUG_INFO = NO;
				MTL_FAST_MATH = YES;
				SDKROOT = iphoneos;
				SWIFT_COMPILATION_MODE = wholemodule;
				SWIFT_OPTIMIZATION_LEVEL = "-O";
				VALIDATE_PRODUCT = YES;
			};
			name = Release;
		};
		343E6B502945FE5600F68710 /* Debug */ = {
			isa = XCBuildConfiguration;
			buildSettings = {
				ASSETCATALOG_COMPILER_APPICON_NAME = AppIcon;
				ASSETCATALOG_COMPILER_GLOBAL_ACCENT_COLOR_NAME = AccentColor;
				CODE_SIGN_STYLE = Automatic;
				CURRENT_PROJECT_VERSION = 1;
				GENERATE_INFOPLIST_FILE = YES;
				INFOPLIST_FILE = newTextField/Info.plist;
				INFOPLIST_KEY_UIApplicationSupportsIndirectInputEvents = YES;
				INFOPLIST_KEY_UILaunchStoryboardName = LaunchScreen;
				INFOPLIST_KEY_UIMainStoryboardFile = Main;
				INFOPLIST_KEY_UISupportedInterfaceOrientations_iPad = "UIInterfaceOrientationPortrait UIInterfaceOrientationPortraitUpsideDown UIInterfaceOrientationLandscapeLeft UIInterfaceOrientationLandscapeRight";
				INFOPLIST_KEY_UISupportedInterfaceOrientations_iPhone = "UIInterfaceOrientationPortrait UIInterfaceOrientationLandscapeLeft UIInterfaceOrientationLandscapeRight";
				LD_RUNPATH_SEARCH_PATHS = (
					"$(inherited)",
					"@executable_path/Frameworks",
				);
				MARKETING_VERSION = 1.0;
				PRODUCT_BUNDLE_IDENTIFIER = com.hakansezer.newTextField;
				PRODUCT_NAME = "$(TARGET_NAME)";
				SWIFT_EMIT_LOC_STRINGS = YES;
				SWIFT_VERSION = 5.0;
				TARGETED_DEVICE_FAMILY = "1,2";
			};
			name = Debug;
		};
		343E6B512945FE5600F68710 /* Release */ = {
			isa = XCBuildConfiguration;
			buildSettings = {
				ASSETCATALOG_COMPILER_APPICON_NAME = AppIcon;
				ASSETCATALOG_COMPILER_GLOBAL_ACCENT_COLOR_NAME = AccentColor;
				CODE_SIGN_STYLE = Automatic;
				CURRENT_PROJECT_VERSION = 1;
				GENERATE_INFOPLIST_FILE = YES;
				INFOPLIST_FILE = newTextField/Info.plist;
				INFOPLIST_KEY_UIApplicationSupportsIndirectInputEvents = YES;
				INFOPLIST_KEY_UILaunchStoryboardName = LaunchScreen;
				INFOPLIST_KEY_UIMainStoryboardFile = Main;
				INFOPLIST_KEY_UISupportedInterfaceOrientations_iPad = "UIInterfaceOrientationPortrait UIInterfaceOrientationPortraitUpsideDown UIInterfaceOrientationLandscapeLeft UIInterfaceOrientationLandscapeRight";
				INFOPLIST_KEY_UISupportedInterfaceOrientations_iPhone = "UIInterfaceOrientationPortrait UIInterfaceOrientationLandscapeLeft UIInterfaceOrientationLandscapeRight";
				LD_RUNPATH_SEARCH_PATHS = (
					"$(inherited)",
					"@executable_path/Frameworks",
				);
				MARKETING_VERSION = 1.0;
				PRODUCT_BUNDLE_IDENTIFIER = com.hakansezer.newTextField;
				PRODUCT_NAME = "$(TARGET_NAME)";
				SWIFT_EMIT_LOC_STRINGS = YES;
				SWIFT_VERSION = 5.0;
				TARGETED_DEVICE_FAMILY = "1,2";
			};
			name = Release;
		};
		343E6B532945FE5600F68710 /* Debug */ = {
			isa = XCBuildConfiguration;
			buildSettings = {
				ALWAYS_EMBED_SWIFT_STANDARD_LIBRARIES = YES;
				BUNDLE_LOADER = "$(TEST_HOST)";
				CODE_SIGN_STYLE = Automatic;
				CURRENT_PROJECT_VERSION = 1;
				GENERATE_INFOPLIST_FILE = YES;
				IPHONEOS_DEPLOYMENT_TARGET = 16.1;
				MARKETING_VERSION = 1.0;
				PRODUCT_BUNDLE_IDENTIFIER = com.hakansezer.newTextFieldTests;
				PRODUCT_NAME = "$(TARGET_NAME)";
				SWIFT_EMIT_LOC_STRINGS = NO;
				SWIFT_VERSION = 5.0;
				TARGETED_DEVICE_FAMILY = "1,2";
				TEST_HOST = "$(BUILT_PRODUCTS_DIR)/newTextField.app/$(BUNDLE_EXECUTABLE_FOLDER_PATH)/newTextField";
			};
			name = Debug;
		};
		343E6B542945FE5600F68710 /* Release */ = {
			isa = XCBuildConfiguration;
			buildSettings = {
				ALWAYS_EMBED_SWIFT_STANDARD_LIBRARIES = YES;
				BUNDLE_LOADER = "$(TEST_HOST)";
				CODE_SIGN_STYLE = Automatic;
				CURRENT_PROJECT_VERSION = 1;
				GENERATE_INFOPLIST_FILE = YES;
				IPHONEOS_DEPLOYMENT_TARGET = 16.1;
				MARKETING_VERSION = 1.0;
				PRODUCT_BUNDLE_IDENTIFIER = com.hakansezer.newTextFieldTests;
				PRODUCT_NAME = "$(TARGET_NAME)";
				SWIFT_EMIT_LOC_STRINGS = NO;
				SWIFT_VERSION = 5.0;
				TARGETED_DEVICE_FAMILY = "1,2";
				TEST_HOST = "$(BUILT_PRODUCTS_DIR)/newTextField.app/$(BUNDLE_EXECUTABLE_FOLDER_PATH)/newTextField";
			};
			name = Release;
		};
		343E6B562945FE5600F68710 /* Debug */ = {
			isa = XCBuildConfiguration;
			buildSettings = {
				ALWAYS_EMBED_SWIFT_STANDARD_LIBRARIES = YES;
				CODE_SIGN_STYLE = Automatic;
				CURRENT_PROJECT_VERSION = 1;
				GENERATE_INFOPLIST_FILE = YES;
				MARKETING_VERSION = 1.0;
				PRODUCT_BUNDLE_IDENTIFIER = com.hakansezer.newTextFieldUITests;
				PRODUCT_NAME = "$(TARGET_NAME)";
				SWIFT_EMIT_LOC_STRINGS = NO;
				SWIFT_VERSION = 5.0;
				TARGETED_DEVICE_FAMILY = "1,2";
				TEST_TARGET_NAME = newTextField;
			};
			name = Debug;
		};
		343E6B572945FE5600F68710 /* Release */ = {
			isa = XCBuildConfiguration;
			buildSettings = {
				ALWAYS_EMBED_SWIFT_STANDARD_LIBRARIES = YES;
				CODE_SIGN_STYLE = Automatic;
				CURRENT_PROJECT_VERSION = 1;
				GENERATE_INFOPLIST_FILE = YES;
				MARKETING_VERSION = 1.0;
				PRODUCT_BUNDLE_IDENTIFIER = com.hakansezer.newTextFieldUITests;
				PRODUCT_NAME = "$(TARGET_NAME)";
				SWIFT_EMIT_LOC_STRINGS = NO;
				SWIFT_VERSION = 5.0;
				TARGETED_DEVICE_FAMILY = "1,2";
				TEST_TARGET_NAME = newTextField;
			};
			name = Release;
		};
/* End XCBuildConfiguration section */

/* Begin XCConfigurationList section */
		343E6B202945FE5500F68710 /* Build configuration list for PBXProject "newTextField" */ = {
			isa = XCConfigurationList;
			buildConfigurations = (
				343E6B4D2945FE5600F68710 /* Debug */,
				343E6B4E2945FE5600F68710 /* Release */,
			);
			defaultConfigurationIsVisible = 0;
			defaultConfigurationName = Release;
		};
		343E6B4F2945FE5600F68710 /* Build configuration list for PBXNativeTarget "newTextField" */ = {
			isa = XCConfigurationList;
			buildConfigurations = (
				343E6B502945FE5600F68710 /* Debug */,
				343E6B512945FE5600F68710 /* Release */,
			);
			defaultConfigurationIsVisible = 0;
			defaultConfigurationName = Release;
		};
		343E6B522945FE5600F68710 /* Build configuration list for PBXNativeTarget "newTextFieldTests" */ = {
			isa = XCConfigurationList;
			buildConfigurations = (
				343E6B532945FE5600F68710 /* Debug */,
				343E6B542945FE5600F68710 /* Release */,
			);
			defaultConfigurationIsVisible = 0;
			defaultConfigurationName = Release;
		};
		343E6B552945FE5600F68710 /* Build configuration list for PBXNativeTarget "newTextFieldUITests" */ = {
			isa = XCConfigurationList;
			buildConfigurations = (
				343E6B562945FE5600F68710 /* Debug */,
				343E6B572945FE5600F68710 /* Release */,
			);
			defaultConfigurationIsVisible = 0;
			defaultConfigurationName = Release;
		};
/* End XCConfigurationList section */
	};
	rootObject = 343E6B1D2945FE5500F68710 /* Project object */;
}
